
Microsoft Visual Studio Solution File, Format Version 12.00
# Visual Studio Version 17
VisualStudioVersion = 17.3.32901.215
MinimumVisualStudioVersion = 10.0.40219.1
Project("{FAE04EC0-301F-11D3-BF4B-00C04F79EFBC}") = "MediClic_v.0.0.1", "MediClic_v.0.0.1\MediClic_v.0.0.1.csproj", "{D8D9B451-951C-487D-B109-98429EB087ED}"
EndProject
Global
	GlobalSection(SolutionConfigurationPlatforms) = preSolution
		Debug|Any CPU = Debug|Any CPU
		Release|Any CPU = Release|Any CPU
	EndGlobalSection
	GlobalSection(ProjectConfigurationPlatforms) = postSolution
		{D8D9B451-951C-487D-B109-98429EB087ED}.Debug|Any CPU.ActiveCfg = Debug|Any CPU
		{D8D9B451-951C-487D-B109-98429EB087ED}.Debug|Any CPU.Build.0 = Debug|Any CPU
		{D8D9B451-951C-487D-B109-98429EB087ED}.Release|Any CPU.ActiveCfg = Release|Any CPU
		{D8D9B451-951C-487D-B109-98429EB087ED}.Release|Any CPU.Build.0 = Release|Any CPU
	EndGlobalSection
	GlobalSection(SolutionProperties) = preSolution
		HideSolutionNode = FALSE
	EndGlobalSection
	GlobalSection(ExtensibilityGlobals) = postSolution
		SolutionGuid = {AF47C0EF-D189-403D-8FDE-72F748732147}
	EndGlobalSection
EndGlobal
